
Microsoft Visual Studio Solution File, Format Version 12.00
# Visual Studio Version 16
VisualStudioVersion = 16.0.30907.101
MinimumVisualStudioVersion = 10.0.40219.1
Project("{FAE04EC0-301F-11D3-BF4B-00C04F79EFBC}") = "RumikApp.Tests", "RumikApp.Tests\RumikApp.Tests.csproj", "{9B2A297E-B8AA-4056-916C-B3992F1F2A4E}"
EndProject
Project("{FAE04EC0-301F-11D3-BF4B-00C04F79EFBC}") = "RumikApp.Infrastructure", "RumikApp.Infrastructure\RumikApp.Infrastructure.csproj", "{03B00657-7FAA-4792-B944-616F3676439D}"
EndProject
Project("{FAE04EC0-301F-11D3-BF4B-00C04F79EFBC}") = "RumikApp.Core", "RumikApp.Core\RumikApp.Core.csproj", "{97F40510-F69A-4C7D-84DE-5E28D79578BF}"
EndProject
Project("{FAE04EC0-301F-11D3-BF4B-00C04F79EFBC}") = "RumikApp.UI", "RumikApp.UI\RumikApp.UI.csproj", "{6E4D3FB7-C0A7-4D9D-953D-9F7BFCE967AF}"
EndProject
Global
	GlobalSection(SolutionConfigurationPlatforms) = preSolution
		Debug|Any CPU = Debug|Any CPU
		Release|Any CPU = Release|Any CPU
	EndGlobalSection
	GlobalSection(ProjectConfigurationPlatforms) = postSolution
		{9B2A297E-B8AA-4056-916C-B3992F1F2A4E}.Debug|Any CPU.ActiveCfg = Debug|Any CPU
		{9B2A297E-B8AA-4056-916C-B3992F1F2A4E}.Debug|Any CPU.Build.0 = Debug|Any CPU
		{9B2A297E-B8AA-4056-916C-B3992F1F2A4E}.Release|Any CPU.ActiveCfg = Release|Any CPU
		{9B2A297E-B8AA-4056-916C-B3992F1F2A4E}.Release|Any CPU.Build.0 = Release|Any CPU
		{03B00657-7FAA-4792-B944-616F3676439D}.Debug|Any CPU.ActiveCfg = Debug|Any CPU
		{03B00657-7FAA-4792-B944-616F3676439D}.Debug|Any CPU.Build.0 = Debug|Any CPU
		{03B00657-7FAA-4792-B944-616F3676439D}.Release|Any CPU.ActiveCfg = Release|Any CPU
		{03B00657-7FAA-4792-B944-616F3676439D}.Release|Any CPU.Build.0 = Release|Any CPU
		{97F40510-F69A-4C7D-84DE-5E28D79578BF}.Debug|Any CPU.ActiveCfg = Debug|Any CPU
		{97F40510-F69A-4C7D-84DE-5E28D79578BF}.Debug|Any CPU.Build.0 = Debug|Any CPU
		{97F40510-F69A-4C7D-84DE-5E28D79578BF}.Release|Any CPU.ActiveCfg = Release|Any CPU
		{97F40510-F69A-4C7D-84DE-5E28D79578BF}.Release|Any CPU.Build.0 = Release|Any CPU
		{6E4D3FB7-C0A7-4D9D-953D-9F7BFCE967AF}.Debug|Any CPU.ActiveCfg = Debug|Any CPU
		{6E4D3FB7-C0A7-4D9D-953D-9F7BFCE967AF}.Debug|Any CPU.Build.0 = Debug|Any CPU
		{6E4D3FB7-C0A7-4D9D-953D-9F7BFCE967AF}.Release|Any CPU.ActiveCfg = Release|Any CPU
		{6E4D3FB7-C0A7-4D9D-953D-9F7BFCE967AF}.Release|Any CPU.Build.0 = Release|Any CPU
	EndGlobalSection
	GlobalSection(SolutionProperties) = preSolution
		HideSolutionNode = FALSE
	EndGlobalSection
	GlobalSection(ExtensibilityGlobals) = postSolution
		SolutionGuid = {6834FF50-FADD-4402-8A48-C3D4501F1973}
	EndGlobalSection
EndGlobal
